
Microsoft Visual Studio Solution File, Format Version 12.00
# Visual Studio Version 17
VisualStudioVersion = 17.9.34310.174
MinimumVisualStudioVersion = 10.0.40219.1
Project("{9A19103F-16F7-4668-BE54-9A1E7A4F7556}") = "PortListApp", "PortListApp.csproj", "{88E3F85B-120F-4B05-AE7E-C3A5354FA023}"
EndProject
Global
	GlobalSection(SolutionConfigurationPlatforms) = preSolution
		Debug|Any CPU = Debug|Any CPU
		Debug|x64 = Debug|x64
		Release|Any CPU = Release|Any CPU
		Release|x64 = Release|x64
	EndGlobalSection
	GlobalSection(ProjectConfigurationPlatforms) = postSolution
		{88E3F85B-120F-4B05-AE7E-C3A5354FA023}.Debug|Any CPU.ActiveCfg = Debug|Any CPU
		{88E3F85B-120F-4B05-AE7E-C3A5354FA023}.Debug|Any CPU.Build.0 = Debug|Any CPU
		{88E3F85B-120F-4B05-AE7E-C3A5354FA023}.Debug|x64.ActiveCfg = Debug|x64
		{88E3F85B-120F-4B05-AE7E-C3A5354FA023}.Debug|x64.Build.0 = Debug|x64
		{88E3F85B-120F-4B05-AE7E-C3A5354FA023}.Release|Any CPU.ActiveCfg = Release|Any CPU
		{88E3F85B-120F-4B05-AE7E-C3A5354FA023}.Release|Any CPU.Build.0 = Release|Any CPU
		{88E3F85B-120F-4B05-AE7E-C3A5354FA023}.Release|x64.ActiveCfg = Release|x64
		{88E3F85B-120F-4B05-AE7E-C3A5354FA023}.Release|x64.Build.0 = Release|x64
	EndGlobalSection
	GlobalSection(SolutionProperties) = preSolution
		HideSolutionNode = FALSE
	EndGlobalSection
	GlobalSection(ExtensibilityGlobals) = postSolution
		SolutionGuid = {B5353E78-C57E-4366-B39C-EABB692069C9}
	EndGlobalSection
EndGlobal
